
Microsoft Visual Studio Solution File, Format Version 12.00
# Visual Studio Version 16
VisualStudioVersion = 16.0.30204.135
MinimumVisualStudioVersion = 10.0.40219.1
Project("{8BC9CEB8-8B4A-11D0-8D11-00A0C91BC942}") = "SpaceShooting", "SpaceShooting\SpaceShooting.vcxproj", "{871E7765-0947-4B60-975B-1EEE760F38C5}"
EndProject
Global
	GlobalSection(SolutionConfigurationPlatforms) = preSolution
		Debug|x64 = Debug|x64
		Debug|x86 = Debug|x86
		Release|x64 = Release|x64
		Release|x86 = Release|x86
	EndGlobalSection
	GlobalSection(ProjectConfigurationPlatforms) = postSolution
		{871E7765-0947-4B60-975B-1EEE760F38C5}.Debug|x64.ActiveCfg = Debug|x64
		{871E7765-0947-4B60-975B-1EEE760F38C5}.Debug|x64.Build.0 = Debug|x64
		{871E7765-0947-4B60-975B-1EEE760F38C5}.Debug|x86.ActiveCfg = Debug|Win32
		{871E7765-0947-4B60-975B-1EEE760F38C5}.Debug|x86.Build.0 = Debug|Win32
		{871E7765-0947-4B60-975B-1EEE760F38C5}.Release|x64.ActiveCfg = Release|x64
		{871E7765-0947-4B60-975B-1EEE760F38C5}.Release|x64.Build.0 = Release|x64
		{871E7765-0947-4B60-975B-1EEE760F38C5}.Release|x86.ActiveCfg = Release|Win32
		{871E7765-0947-4B60-975B-1EEE760F38C5}.Release|x86.Build.0 = Release|Win32
	EndGlobalSection
	GlobalSection(SolutionProperties) = preSolution
		HideSolutionNode = FALSE
	EndGlobalSection
	GlobalSection(ExtensibilityGlobals) = postSolution
		SolutionGuid = {569CA7E2-065D-42D5-A0E8-E76BEC9BC138}
	EndGlobalSection
EndGlobal
